{"is_source_file": false, "format": "", "description": "", "external_files": [], "external_methods": [], "published": [], "classes": [], "methods": [], "calls": [], "search-terms": [], "state": 2, "file_id": 32, "knowledge_revision": 71, "git_revision": "ea6fd891d7941c452153fb661488c2c16ce7de1d", "hash": "e9b4c3b42cef0193b7fddb548d37e652", "format-version": 4, "code-base-name": "default", "filename": "openshopease_frontend/post_process_status.lock", "revision_history": [{"71": "ea6fd891d7941c452153fb661488c2c16ce7de1d"}]}